
Microsoft Visual Studio Solution File, Format Version 12.00
# Visual Studio 15
VisualStudioVersion = 15.0.28307.329
MinimumVisualStudioVersion = 10.0.40219.1
Project("{FAE04EC0-301F-11D3-BF4B-00C04F79EFBC}") = "WebShopDAL", "WebShopDAL\WebShopDAL.csproj", "{EA567F39-3FF4-4480-A6AD-F452E19549D9}"
EndProject
Project("{FAE04EC0-301F-11D3-BF4B-00C04F79EFBC}") = "WebShopBLL", "WebShopBLL\WebShopBLL.csproj", "{556859AD-C9CA-49AE-A4A1-FE28423E5E27}"
EndProject
Project("{FAE04EC0-301F-11D3-BF4B-00C04F79EFBC}") = "WebShopDTO", "WebShopDto\WebShopDTO.csproj", "{7447937C-8B49-4651-819C-FAF5F5D1CA6A}"
EndProject
Project("{FAE04EC0-301F-11D3-BF4B-00C04F79EFBC}") = "WebShop", "WebShop\WebShop.csproj", "{789A2591-A05C-4EB6-833A-39A62FC5214D}"
EndProject
Global
	GlobalSection(SolutionConfigurationPlatforms) = preSolution
		Debug|Any CPU = Debug|Any CPU
		Release|Any CPU = Release|Any CPU
	EndGlobalSection
	GlobalSection(ProjectConfigurationPlatforms) = postSolution
		{EA567F39-3FF4-4480-A6AD-F452E19549D9}.Debug|Any CPU.ActiveCfg = Debug|Any CPU
		{EA567F39-3FF4-4480-A6AD-F452E19549D9}.Debug|Any CPU.Build.0 = Debug|Any CPU
		{EA567F39-3FF4-4480-A6AD-F452E19549D9}.Release|Any CPU.ActiveCfg = Release|Any CPU
		{EA567F39-3FF4-4480-A6AD-F452E19549D9}.Release|Any CPU.Build.0 = Release|Any CPU
		{556859AD-C9CA-49AE-A4A1-FE28423E5E27}.Debug|Any CPU.ActiveCfg = Debug|Any CPU
		{556859AD-C9CA-49AE-A4A1-FE28423E5E27}.Debug|Any CPU.Build.0 = Debug|Any CPU
		{556859AD-C9CA-49AE-A4A1-FE28423E5E27}.Release|Any CPU.ActiveCfg = Release|Any CPU
		{556859AD-C9CA-49AE-A4A1-FE28423E5E27}.Release|Any CPU.Build.0 = Release|Any CPU
		{7447937C-8B49-4651-819C-FAF5F5D1CA6A}.Debug|Any CPU.ActiveCfg = Debug|Any CPU
		{7447937C-8B49-4651-819C-FAF5F5D1CA6A}.Debug|Any CPU.Build.0 = Debug|Any CPU
		{7447937C-8B49-4651-819C-FAF5F5D1CA6A}.Release|Any CPU.ActiveCfg = Release|Any CPU
		{7447937C-8B49-4651-819C-FAF5F5D1CA6A}.Release|Any CPU.Build.0 = Release|Any CPU
		{789A2591-A05C-4EB6-833A-39A62FC5214D}.Debug|Any CPU.ActiveCfg = Debug|Any CPU
		{789A2591-A05C-4EB6-833A-39A62FC5214D}.Debug|Any CPU.Build.0 = Debug|Any CPU
		{789A2591-A05C-4EB6-833A-39A62FC5214D}.Release|Any CPU.ActiveCfg = Release|Any CPU
		{789A2591-A05C-4EB6-833A-39A62FC5214D}.Release|Any CPU.Build.0 = Release|Any CPU
	EndGlobalSection
	GlobalSection(SolutionProperties) = preSolution
		HideSolutionNode = FALSE
	EndGlobalSection
	GlobalSection(ExtensibilityGlobals) = postSolution
		SolutionGuid = {DEE867A9-4990-4BFB-8EB7-2886C1EE2043}
	EndGlobalSection
EndGlobal
